
Microsoft Visual Studio Solution File, Format Version 12.00
# Visual Studio Version 17
VisualStudioVersion = 17.11.35303.130
MinimumVisualStudioVersion = 10.0.40219.1
Project("{FAE04EC0-301F-11D3-BF4B-00C04F79EFBC}") = "02.10.2024", "02.10.2024\02.10.2024.csproj", "{ED498B5E-540C-478F-84E7-168E8CAFAC08}"
EndProject
Global
	GlobalSection(SolutionConfigurationPlatforms) = preSolution
		Debug|Any CPU = Debug|Any CPU
		Release|Any CPU = Release|Any CPU
	EndGlobalSection
	GlobalSection(ProjectConfigurationPlatforms) = postSolution
		{ED498B5E-540C-478F-84E7-168E8CAFAC08}.Debug|Any CPU.ActiveCfg = Debug|Any CPU
		{ED498B5E-540C-478F-84E7-168E8CAFAC08}.Debug|Any CPU.Build.0 = Debug|Any CPU
		{ED498B5E-540C-478F-84E7-168E8CAFAC08}.Release|Any CPU.ActiveCfg = Release|Any CPU
		{ED498B5E-540C-478F-84E7-168E8CAFAC08}.Release|Any CPU.Build.0 = Release|Any CPU
	EndGlobalSection
	GlobalSection(SolutionProperties) = preSolution
		HideSolutionNode = FALSE
	EndGlobalSection
	GlobalSection(ExtensibilityGlobals) = postSolution
		SolutionGuid = {A62881FC-DDFD-4D30-8F22-373526C66A2F}
	EndGlobalSection
EndGlobal
